// !$*UTF8*$!
{
	archiveVersion = 1;
	classes = {
	};
	objectVersion = 70;
	objects = {

/* Begin PBXBuildFile section */
		D208A8542D0F1E5C00485C12 /* ContentView.swift in Sources */ = {isa = PBXBuildFile; fileRef = D208A84C2D0F1E5C00485C12 /* ContentView.swift */; };
		D208A8842D0F93A300485C12 /* WidgetKit.framework in Frameworks */ = {isa = PBXBuildFile; fileRef = D208A8832D0F93A300485C12 /* WidgetKit.framework */; };
		D208A8862D0F93A300485C12 /* SwiftUI.framework in Frameworks */ = {isa = PBXBuildFile; fileRef = D208A8852D0F93A300485C12 /* SwiftUI.framework */; };
		D208A8952D0F93A500485C12 /* ParkingSpotWidgetExtension.appex in Embed Foundation Extensions */ = {isa = PBXBuildFile; fileRef = D208A8812D0F93A200485C12 /* ParkingSpotWidgetExtension.appex */; settings = {ATTRIBUTES = (RemoveHeadersOnCopy, ); }; };
		D2B57BC72CC87BE300375FE0 /* Capstone_Project_A3App.swift in Sources */ = {isa = PBXBuildFile; fileRef = D2B57BC62CC87BE300375FE0 /* Capstone_Project_A3App.swift */; };
		D2B57BCB2CC87BE500375FE0 /* Assets.xcassets in Resources */ = {isa = PBXBuildFile; fileRef = D2B57BCA2CC87BE500375FE0 /* Assets.xcassets */; };
		D2B57BCE2CC87BE500375FE0 /* Preview Assets.xcassets in Resources */ = {isa = PBXBuildFile; fileRef = D2B57BCD2CC87BE500375FE0 /* Preview Assets.xcassets */; };
		D2B57BD32CC87BE500375FE0 /* Capstone_Project_A3.xcdatamodeld in Sources */ = {isa = PBXBuildFile; fileRef = D2B57BD12CC87BE500375FE0 /* Capstone_Project_A3.xcdatamodeld */; };
		D2B57BDE2CC87D6C00375FE0 /* CoreDataStack.swift in Sources */ = {isa = PBXBuildFile; fileRef = D2B57BDD2CC87D6C00375FE0 /* CoreDataStack.swift */; };
		D2B57BE62CC8809A00375FE0 /* PersistenceController.swift in Sources */ = {isa = PBXBuildFile; fileRef = D2B57BE52CC8809A00375FE0 /* PersistenceController.swift */; };
/* End PBXBuildFile section */

/* Begin PBXContainerItemProxy section */
		D208A8932D0F93A500485C12 /* PBXContainerItemProxy */ = {
			isa = PBXContainerItemProxy;
			containerPortal = D2B57BBB2CC87BE300375FE0 /* Project object */;
			proxyType = 1;
			remoteGlobalIDString = D208A8802D0F93A200485C12;
			remoteInfo = ParkingSpotWidgetExtension;
		};
/* End PBXContainerItemProxy section */

/* Begin PBXCopyFilesBuildPhase section */
		D208A89A2D0F93A500485C12 /* Embed Foundation Extensions */ = {
			isa = PBXCopyFilesBuildPhase;
			buildActionMask = 2147483647;
			dstPath = "";
			dstSubfolderSpec = 13;
			files = (
				D208A8952D0F93A500485C12 /* ParkingSpotWidgetExtension.appex in Embed Foundation Extensions */,
			);
			name = "Embed Foundation Extensions";
			runOnlyForDeploymentPostprocessing = 0;
		};
/* End PBXCopyFilesBuildPhase section */

/* Begin PBXFileReference section */
		D208A84C2D0F1E5C00485C12 /* ContentView.swift */ = {isa = PBXFileReference; lastKnownFileType = sourcecode.swift; path = ContentView.swift; sourceTree = "<group>"; };
		D208A8812D0F93A200485C12 /* ParkingSpotWidgetExtension.appex */ = {isa = PBXFileReference; explicitFileType = "wrapper.app-extension"; includeInIndex = 0; path = ParkingSpotWidgetExtension.appex; sourceTree = BUILT_PRODUCTS_DIR; };
		D208A8832D0F93A300485C12 /* WidgetKit.framework */ = {isa = PBXFileReference; lastKnownFileType = wrapper.framework; name = WidgetKit.framework; path = System/Library/Frameworks/WidgetKit.framework; sourceTree = SDKROOT; };
		D208A8852D0F93A300485C12 /* SwiftUI.framework */ = {isa = PBXFileReference; lastKnownFileType = wrapper.framework; name = SwiftUI.framework; path = System/Library/Frameworks/SwiftUI.framework; sourceTree = SDKROOT; };
		D2B57BC32CC87BE300375FE0 /* Capstone_Project_A3.app */ = {isa = PBXFileReference; explicitFileType = wrapper.application; includeInIndex = 0; path = Capstone_Project_A3.app; sourceTree = BUILT_PRODUCTS_DIR; };
		D2B57BC62CC87BE300375FE0 /* Capstone_Project_A3App.swift */ = {isa = PBXFileReference; lastKnownFileType = sourcecode.swift; path = Capstone_Project_A3App.swift; sourceTree = "<group>"; };
		D2B57BCA2CC87BE500375FE0 /* Assets.xcassets */ = {isa = PBXFileReference; lastKnownFileType = folder.assetcatalog; path = Assets.xcassets; sourceTree = "<group>"; };
		D2B57BCD2CC87BE500375FE0 /* Preview Assets.xcassets */ = {isa = PBXFileReference; lastKnownFileType = folder.assetcatalog; path = "Preview Assets.xcassets"; sourceTree = "<group>"; };
		D2B57BD22CC87BE500375FE0 /* Capstone_Project_A3.xcdatamodel */ = {isa = PBXFileReference; lastKnownFileType = wrapper.xcdatamodel; path = Capstone_Project_A3.xcdatamodel; sourceTree = "<group>"; };
		D2B57BDD2CC87D6C00375FE0 /* CoreDataStack.swift */ = {isa = PBXFileReference; lastKnownFileType = sourcecode.swift; path = CoreDataStack.swift; sourceTree = "<group>"; };
		D2B57BE52CC8809A00375FE0 /* PersistenceController.swift */ = {isa = PBXFileReference; lastKnownFileType = sourcecode.swift; path = PersistenceController.swift; sourceTree = "<group>"; };
/* End PBXFileReference section */

/* Begin PBXFileSystemSynchronizedBuildFileExceptionSet section */
		D208A8962D0F93A500485C12 /* PBXFileSystemSynchronizedBuildFileExceptionSet */ = {
			isa = PBXFileSystemSynchronizedBuildFileExceptionSet;
			membershipExceptions = (
				Info.plist,
			);
			target = D208A8802D0F93A200485C12 /* ParkingSpotWidgetExtension */;
		};
/* End PBXFileSystemSynchronizedBuildFileExceptionSet section */

/* Begin PBXFileSystemSynchronizedRootGroup section */
		D208A8872D0F93A300485C12 /* ParkingSpotWidget */ = {isa = PBXFileSystemSynchronizedRootGroup; exceptions = (D208A8962D0F93A500485C12 /* PBXFileSystemSynchronizedBuildFileExceptionSet */, ); explicitFileTypes = {}; explicitFolders = (); path = ParkingSpotWidget; sourceTree = "<group>"; };
		D2F2F7352D0B648C00435FAA /* Model */ = {isa = PBXFileSystemSynchronizedRootGroup; explicitFileTypes = {}; explicitFolders = (); path = Model; sourceTree = "<group>"; };
		D2F2F7362D0B64ED00435FAA /* ViewModel */ = {isa = PBXFileSystemSynchronizedRootGroup; explicitFileTypes = {}; explicitFolders = (); path = ViewModel; sourceTree = "<group>"; };
		D2F2F73A2D0B66D500435FAA /* Views */ = {isa = PBXFileSystemSynchronizedRootGroup; explicitFileTypes = {}; explicitFolders = (); path = Views; sourceTree = "<group>"; };
/* End PBXFileSystemSynchronizedRootGroup section */

/* Begin PBXFrameworksBuildPhase section */
		D208A87E2D0F93A200485C12 /* Frameworks */ = {
			isa = PBXFrameworksBuildPhase;
			buildActionMask = 2147483647;
			files = (
				D208A8862D0F93A300485C12 /* SwiftUI.framework in Frameworks */,
				D208A8842D0F93A300485C12 /* WidgetKit.framework in Frameworks */,
			);
			runOnlyForDeploymentPostprocessing = 0;
		};
		D2B57BC02CC87BE300375FE0 /* Frameworks */ = {
			isa = PBXFrameworksBuildPhase;
			buildActionMask = 2147483647;
			files = (
			);
			runOnlyForDeploymentPostprocessing = 0;
		};
/* End PBXFrameworksBuildPhase section */

/* Begin PBXGroup section */
		D208A8822D0F93A300485C12 /* Frameworks */ = {
			isa = PBXGroup;
			children = (
				D208A8832D0F93A300485C12 /* WidgetKit.framework */,
				D208A8852D0F93A300485C12 /* SwiftUI.framework */,
			);
			name = Frameworks;
			sourceTree = "<group>";
		};
		D2B57BBA2CC87BE300375FE0 = {
			isa = PBXGroup;
			children = (
				D2B57BC52CC87BE300375FE0 /* Capstone_Project_A3 */,
				D208A8872D0F93A300485C12 /* ParkingSpotWidget */,
				D208A8822D0F93A300485C12 /* Frameworks */,
				D2B57BC42CC87BE300375FE0 /* Products */,
			);
			sourceTree = "<group>";
		};
		D2B57BC42CC87BE300375FE0 /* Products */ = {
			isa = PBXGroup;
			children = (
				D2B57BC32CC87BE300375FE0 /* Capstone_Project_A3.app */,
				D208A8812D0F93A200485C12 /* ParkingSpotWidgetExtension.appex */,
			);
			name = Products;
			sourceTree = "<group>";
		};
		D2B57BC52CC87BE300375FE0 /* Capstone_Project_A3 */ = {
			isa = PBXGroup;
			children = (
				D2F2F73A2D0B66D500435FAA /* Views */,
				D2F2F7362D0B64ED00435FAA /* ViewModel */,
				D2F2F7352D0B648C00435FAA /* Model */,
				D2B57BC62CC87BE300375FE0 /* Capstone_Project_A3App.swift */,
				D2B57BDD2CC87D6C00375FE0 /* CoreDataStack.swift */,
				D208A84C2D0F1E5C00485C12 /* ContentView.swift */,
				D2B57BE52CC8809A00375FE0 /* PersistenceController.swift */,
				D2B57BCA2CC87BE500375FE0 /* Assets.xcassets */,
				D2B57BD12CC87BE500375FE0 /* Capstone_Project_A3.xcdatamodeld */,
				D2B57BCC2CC87BE500375FE0 /* Preview Content */,
			);
			path = Capstone_Project_A3;
			sourceTree = "<group>";
		};
		D2B57BCC2CC87BE500375FE0 /* Preview Content */ = {
			isa = PBXGroup;
			children = (
				D2B57BCD2CC87BE500375FE0 /* Preview Assets.xcassets */,
			);
			path = "Preview Content";
			sourceTree = "<group>";
		};
/* End PBXGroup section */

/* Begin PBXNativeTarget section */
		D208A8802D0F93A200485C12 /* ParkingSpotWidgetExtension */ = {
			isa = PBXNativeTarget;
			buildConfigurationList = D208A8972D0F93A500485C12 /* Build configuration list for PBXNativeTarget "ParkingSpotWidgetExtension" */;
			buildPhases = (
				D208A87D2D0F93A200485C12 /* Sources */,
				D208A87E2D0F93A200485C12 /* Frameworks */,
				D208A87F2D0F93A200485C12 /* Resources */,
			);
			buildRules = (
			);
			dependencies = (
			);
			fileSystemSynchronizedGroups = (
				D208A8872D0F93A300485C12 /* ParkingSpotWidget */,
			);
			name = ParkingSpotWidgetExtension;
			packageProductDependencies = (
			);
			productName = ParkingSpotWidgetExtension;
			productReference = D208A8812D0F93A200485C12 /* ParkingSpotWidgetExtension.appex */;
			productType = "com.apple.product-type.app-extension";
		};
		D2B57BC22CC87BE300375FE0 /* Capstone_Project_A3 */ = {
			isa = PBXNativeTarget;
			buildConfigurationList = D2B57BD62CC87BE500375FE0 /* Build configuration list for PBXNativeTarget "Capstone_Project_A3" */;
			buildPhases = (
				D2B57BBF2CC87BE300375FE0 /* Sources */,
				D2B57BC02CC87BE300375FE0 /* Frameworks */,
				D2B57BC12CC87BE300375FE0 /* Resources */,
				D208A89A2D0F93A500485C12 /* Embed Foundation Extensions */,
			);
			buildRules = (
			);
			dependencies = (
				D208A8942D0F93A500485C12 /* PBXTargetDependency */,
			);
			fileSystemSynchronizedGroups = (
				D2F2F7352D0B648C00435FAA /* Model */,
				D2F2F7362D0B64ED00435FAA /* ViewModel */,
				D2F2F73A2D0B66D500435FAA /* Views */,
			);
			name = Capstone_Project_A3;
			productName = Capstone_Project_A3;
			productReference = D2B57BC32CC87BE300375FE0 /* Capstone_Project_A3.app */;
			productType = "com.apple.product-type.application";
		};
/* End PBXNativeTarget section */

/* Begin PBXProject section */
		D2B57BBB2CC87BE300375FE0 /* Project object */ = {
			isa = PBXProject;
			attributes = {
				BuildIndependentTargetsInParallel = 1;
				LastSwiftUpdateCheck = 1610;
				LastUpgradeCheck = 1520;
				TargetAttributes = {
					D208A8802D0F93A200485C12 = {
						CreatedOnToolsVersion = 16.1;
					};
					D2B57BC22CC87BE300375FE0 = {
						CreatedOnToolsVersion = 15.2;
					};
				};
			};
			buildConfigurationList = D2B57BBE2CC87BE300375FE0 /* Build configuration list for PBXProject "Capstone_Project_A3" */;
			compatibilityVersion = "Xcode 14.0";
			developmentRegion = en;
			hasScannedForEncodings = 0;
			knownRegions = (
				en,
				Base,
			);
			mainGroup = D2B57BBA2CC87BE300375FE0;
			productRefGroup = D2B57BC42CC87BE300375FE0 /* Products */;
			projectDirPath = "";
			projectRoot = "";
			targets = (
				D2B57BC22CC87BE300375FE0 /* Capstone_Project_A3 */,
				D208A8802D0F93A200485C12 /* ParkingSpotWidgetExtension */,
			);
		};
/* End PBXProject section */

/* Begin PBXResourcesBuildPhase section */
		D208A87F2D0F93A200485C12 /* Resources */ = {
			isa = PBXResourcesBuildPhase;
			buildActionMask = 2147483647;
			files = (
			);
			runOnlyForDeploymentPostprocessing = 0;
		};
		D2B57BC12CC87BE300375FE0 /* Resources */ = {
			isa = PBXResourcesBuildPhase;
			buildActionMask = 2147483647;
			files = (
				D2B57BCE2CC87BE500375FE0 /* Preview Assets.xcassets in Resources */,
				D2B57BCB2CC87BE500375FE0 /* Assets.xcassets in Resources */,
			);
			runOnlyForDeploymentPostprocessing = 0;
		};
/* End PBXResourcesBuildPhase section */

/* Begin PBXSourcesBuildPhase section */
		D208A87D2D0F93A200485C12 /* Sources */ = {
			isa = PBXSourcesBuildPhase;
			buildActionMask = 2147483647;
			files = (
			);
			runOnlyForDeploymentPostprocessing = 0;
		};
		D2B57BBF2CC87BE300375FE0 /* Sources */ = {
			isa = PBXSourcesBuildPhase;
			buildActionMask = 2147483647;
			files = (
				D2B57BDE2CC87D6C00375FE0 /* CoreDataStack.swift in Sources */,
				D2B57BD32CC87BE500375FE0 /* Capstone_Project_A3.xcdatamodeld in Sources */,
				D2B57BC72CC87BE300375FE0 /* Capstone_Project_A3App.swift in Sources */,
				D208A8542D0F1E5C00485C12 /* ContentView.swift in Sources */,
				D2B57BE62CC8809A00375FE0 /* PersistenceController.swift in Sources */,
			);
			runOnlyForDeploymentPostprocessing = 0;
		};
/* End PBXSourcesBuildPhase section */

/* Begin PBXTargetDependency section */
		D208A8942D0F93A500485C12 /* PBXTargetDependency */ = {
			isa = PBXTargetDependency;
			target = D208A8802D0F93A200485C12 /* ParkingSpotWidgetExtension */;
			targetProxy = D208A8932D0F93A500485C12 /* PBXContainerItemProxy */;
		};
/* End PBXTargetDependency section */

/* Begin XCBuildConfiguration section */
		D208A8982D0F93A500485C12 /* Debug */ = {
			isa = XCBuildConfiguration;
			buildSettings = {
				ASSETCATALOG_COMPILER_GLOBAL_ACCENT_COLOR_NAME = AccentColor;
				ASSETCATALOG_COMPILER_WIDGET_BACKGROUND_COLOR_NAME = WidgetBackground;
				CODE_SIGN_STYLE = Automatic;
				CURRENT_PROJECT_VERSION = 1;
				DEVELOPMENT_TEAM = 574AUK9VYX;
				GENERATE_INFOPLIST_FILE = YES;
				INFOPLIST_FILE = ParkingSpotWidget/Info.plist;
				INFOPLIST_KEY_CFBundleDisplayName = ParkingSpotWidget;
				INFOPLIST_KEY_NSHumanReadableCopyright = "";
				IPHONEOS_DEPLOYMENT_TARGET = 18.1;
				LD_RUNPATH_SEARCH_PATHS = (
					"$(inherited)",
					"@executable_path/Frameworks",
					"@executable_path/../../Frameworks",
				);
				MARKETING_VERSION = 1.0;
				PRODUCT_BUNDLE_IDENTIFIER = "venkasas.sheridan.Capstone-Project-A3.ParkingSpotWidget";
				PRODUCT_NAME = "$(TARGET_NAME)";
				SKIP_INSTALL = YES;
				SWIFT_EMIT_LOC_STRINGS = YES;
				SWIFT_VERSION = 5.0;
				TARGETED_DEVICE_FAMILY = "1,2";
			};
			name = Debug;
		};
		D208A8992D0F93A500485C12 /* Release */ = {
			isa = XCBuildConfiguration;
			buildSettings = {
				ASSETCATALOG_COMPILER_GLOBAL_ACCENT_COLOR_NAME = AccentColor;
				ASSETCATALOG_COMPILER_WIDGET_BACKGROUND_COLOR_NAME = WidgetBackground;
				CODE_SIGN_STYLE = Automatic;
				CURRENT_PROJECT_VERSION = 1;
				DEVELOPMENT_TEAM = 574AUK9VYX;
				GENERATE_INFOPLIST_FILE = YES;
				INFOPLIST_FILE = ParkingSpotWidget/Info.plist;
				INFOPLIST_KEY_CFBundleDisplayName = ParkingSpotWidget;
				INFOPLIST_KEY_NSHumanReadableCopyright = "";
				IPHONEOS_DEPLOYMENT_TARGET = 18.1;
				LD_RUNPATH_SEARCH_PATHS = (
					"$(inherited)",
					"@executable_path/Frameworks",
					"@executable_path/../../Frameworks",
				);
				MARKETING_VERSION = 1.0;
				PRODUCT_BUNDLE_IDENTIFIER = "venkasas.sheridan.Capstone-Project-A3.ParkingSpotWidget";
				PRODUCT_NAME = "$(TARGET_NAME)";
				SKIP_INSTALL = YES;
				SWIFT_EMIT_LOC_STRINGS = YES;
				SWIFT_VERSION = 5.0;
				TARGETED_DEVICE_FAMILY = "1,2";
			};
			name = Release;
		};
		D2B57BD42CC87BE500375FE0 /* Debug */ = {
			isa = XCBuildConfiguration;
			buildSettings = {
				ALWAYS_SEARCH_USER_PATHS = NO;
				ASSETCATALOG_COMPILER_GENERATE_SWIFT_ASSET_SYMBOL_EXTENSIONS = YES;
				CLANG_ANALYZER_NONNULL = YES;
				CLANG_ANALYZER_NUMBER_OBJECT_CONVERSION = YES_AGGRESSIVE;
				CLANG_CXX_LANGUAGE_STANDARD = "gnu++20";
				CLANG_ENABLE_MODULES = YES;
				CLANG_ENABLE_OBJC_ARC = YES;
				CLANG_ENABLE_OBJC_WEAK = YES;
				CLANG_WARN_BLOCK_CAPTURE_AUTORELEASING = YES;
				CLANG_WARN_BOOL_CONVERSION = YES;
				CLANG_WARN_COMMA = YES;
				CLANG_WARN_CONSTANT_CONVERSION = YES;
				CLANG_WARN_DEPRECATED_OBJC_IMPLEMENTATIONS = YES;
				CLANG_WARN_DIRECT_OBJC_ISA_USAGE = YES_ERROR;
				CLANG_WARN_DOCUMENTATION_COMMENTS = YES;
				CLANG_WARN_EMPTY_BODY = YES;
				CLANG_WARN_ENUM_CONVERSION = YES;
				CLANG_WARN_INFINITE_RECURSION = YES;
				CLANG_WARN_INT_CONVERSION = YES;
				CLANG_WARN_NON_LITERAL_NULL_CONVERSION = YES;
				CLANG_WARN_OBJC_IMPLICIT_RETAIN_SELF = YES;
				CLANG_WARN_OBJC_LITERAL_CONVERSION = YES;
				CLANG_WARN_OBJC_ROOT_CLASS = YES_ERROR;
				CLANG_WARN_QUOTED_INCLUDE_IN_FRAMEWORK_HEADER = YES;
				CLANG_WARN_RANGE_LOOP_ANALYSIS = YES;
				CLANG_WARN_STRICT_PROTOTYPES = YES;
				CLANG_WARN_SUSPICIOUS_MOVE = YES;
				CLANG_WARN_UNGUARDED_AVAILABILITY = YES_AGGRESSIVE;
				CLANG_WARN_UNREACHABLE_CODE = YES;
				CLANG_WARN__DUPLICATE_METHOD_MATCH = YES;
				COPY_PHASE_STRIP = NO;
				DEBUG_INFORMATION_FORMAT = dwarf;
				ENABLE_STRICT_OBJC_MSGSEND = YES;
				ENABLE_TESTABILITY = YES;
				ENABLE_USER_SCRIPT_SANDBOXING = YES;
				GCC_C_LANGUAGE_STANDARD = gnu17;
				GCC_DYNAMIC_NO_PIC = NO;
				GCC_NO_COMMON_BLOCKS = YES;
				GCC_OPTIMIZATION_LEVEL = 0;
				GCC_PREPROCESSOR_DEFINITIONS = (
					"DEBUG=1",
					"$(inherited)",
				);
				GCC_WARN_64_TO_32_BIT_CONVERSION = YES;
				GCC_WARN_ABOUT_RETURN_TYPE = YES_ERROR;
				GCC_WARN_UNDECLARED_SELECTOR = YES;
				GCC_WARN_UNINITIALIZED_AUTOS = YES_AGGRESSIVE;
				GCC_WARN_UNUSED_FUNCTION = YES;
				GCC_WARN_UNUSED_VARIABLE = YES;
				IPHONEOS_DEPLOYMENT_TARGET = 17.2;
				LOCALIZATION_PREFERS_STRING_CATALOGS = YES;
				MTL_ENABLE_DEBUG_INFO = INCLUDE_SOURCE;
				MTL_FAST_MATH = YES;
				ONLY_ACTIVE_ARCH = YES;
				SDKROOT = iphoneos;
				SWIFT_ACTIVE_COMPILATION_CONDITIONS = "DEBUG $(inherited)";
				SWIFT_OPTIMIZATION_LEVEL = "-Onone";
			};
			name = Debug;
		};
		D2B57BD52CC87BE500375FE0 /* Release */ = {
			isa = XCBuildConfiguration;
			buildSettings = {
				ALWAYS_SEARCH_USER_PATHS = NO;
				ASSETCATALOG_COMPILER_GENERATE_SWIFT_ASSET_SYMBOL_EXTENSIONS = YES;
				CLANG_ANALYZER_NONNULL = YES;
				CLANG_ANALYZER_NUMBER_OBJECT_CONVERSION = YES_AGGRESSIVE;
				CLANG_CXX_LANGUAGE_STANDARD = "gnu++20";
				CLANG_ENABLE_MODULES = YES;
				CLANG_ENABLE_OBJC_ARC = YES;
				CLANG_ENABLE_OBJC_WEAK = YES;
				CLANG_WARN_BLOCK_CAPTURE_AUTORELEASING = YES;
				CLANG_WARN_BOOL_CONVERSION = YES;
				CLANG_WARN_COMMA = YES;
				CLANG_WARN_CONSTANT_CONVERSION = YES;
				CLANG_WARN_DEPRECATED_OBJC_IMPLEMENTATIONS = YES;
				CLANG_WARN_DIRECT_OBJC_ISA_USAGE = YES_ERROR;
				CLANG_WARN_DOCUMENTATION_COMMENTS = YES;
				CLANG_WARN_EMPTY_BODY = YES;
				CLANG_WARN_ENUM_CONVERSION = YES;
				CLANG_WARN_INFINITE_RECURSION = YES;
				CLANG_WARN_INT_CONVERSION = YES;
				CLANG_WARN_NON_LITERAL_NULL_CONVERSION = YES;
				CLANG_WARN_OBJC_IMPLICIT_RETAIN_SELF = YES;
				CLANG_WARN_OBJC_LITERAL_CONVERSION = YES;
				CLANG_WARN_OBJC_ROOT_CLASS = YES_ERROR;
				CLANG_WARN_QUOTED_INCLUDE_IN_FRAMEWORK_HEADER = YES;
				CLANG_WARN_RANGE_LOOP_ANALYSIS = YES;
				CLANG_WARN_STRICT_PROTOTYPES = YES;
				CLANG_WARN_SUSPICIOUS_MOVE = YES;
				CLANG_WARN_UNGUARDED_AVAILABILITY = YES_AGGRESSIVE;
				CLANG_WARN_UNREACHABLE_CODE = YES;
				CLANG_WARN__DUPLICATE_METHOD_MATCH = YES;
				COPY_PHASE_STRIP = NO;
				DEBUG_INFORMATION_FORMAT = "dwarf-with-dsym";
				ENABLE_NS_ASSERTIONS = NO;
				ENABLE_STRICT_OBJC_MSGSEND = YES;
				ENABLE_USER_SCRIPT_SANDBOXING = YES;
				GCC_C_LANGUAGE_STANDARD = gnu17;
				GCC_NO_COMMON_BLOCKS = YES;
				GCC_WARN_64_TO_32_BIT_CONVERSION = YES;
				GCC_WARN_ABOUT_RETURN_TYPE = YES_ERROR;
				GCC_WARN_UNDECLARED_SELECTOR = YES;
				GCC_WARN_UNINITIALIZED_AUTOS = YES_AGGRESSIVE;
				GCC_WARN_UNUSED_FUNCTION = YES;
				GCC_WARN_UNUSED_VARIABLE = YES;
				IPHONEOS_DEPLOYMENT_TARGET = 17.2;
				LOCALIZATION_PREFERS_STRING_CATALOGS = YES;
				MTL_ENABLE_DEBUG_INFO = NO;
				MTL_FAST_MATH = YES;
				SDKROOT = iphoneos;
				SWIFT_COMPILATION_MODE = wholemodule;
				VALIDATE_PRODUCT = YES;
			};
			name = Release;
		};
		D2B57BD72CC87BE500375FE0 /* Debug */ = {
			isa = XCBuildConfiguration;
			buildSettings = {
				ASSETCATALOG_COMPILER_APPICON_NAME = AppIcon;
				ASSETCATALOG_COMPILER_GLOBAL_ACCENT_COLOR_NAME = AccentColor;
				CODE_SIGN_STYLE = Automatic;
				CURRENT_PROJECT_VERSION = 1;
				DEVELOPMENT_ASSET_PATHS = "\"Capstone_Project_A3/Preview Content\"";
				DEVELOPMENT_TEAM = 574AUK9VYX;
				ENABLE_PREVIEWS = YES;
				GENERATE_INFOPLIST_FILE = YES;
				INFOPLIST_KEY_UIApplicationSceneManifest_Generation = YES;
				INFOPLIST_KEY_UIApplicationSupportsIndirectInputEvents = YES;
				INFOPLIST_KEY_UILaunchScreen_Generation = YES;
				INFOPLIST_KEY_UISupportedInterfaceOrientations_iPad = "UIInterfaceOrientationPortrait UIInterfaceOrientationPortraitUpsideDown UIInterfaceOrientationLandscapeLeft UIInterfaceOrientationLandscapeRight";
				INFOPLIST_KEY_UISupportedInterfaceOrientations_iPhone = "UIInterfaceOrientationPortrait UIInterfaceOrientationLandscapeLeft UIInterfaceOrientationLandscapeRight";
				LD_RUNPATH_SEARCH_PATHS = (
					"$(inherited)",
					"@executable_path/Frameworks",
				);
				MARKETING_VERSION = 1.0;
				PRODUCT_BUNDLE_IDENTIFIER = "venkasas.sheridan.Capstone-Project-A3";
				PRODUCT_NAME = "$(TARGET_NAME)";
				SWIFT_EMIT_LOC_STRINGS = YES;
				SWIFT_VERSION = 5.0;
				TARGETED_DEVICE_FAMILY = "1,2";
			};
			name = Debug;
		};
		D2B57BD82CC87BE500375FE0 /* Release */ = {
			isa = XCBuildConfiguration;
			buildSettings = {
				ASSETCATALOG_COMPILER_APPICON_NAME = AppIcon;
				ASSETCATALOG_COMPILER_GLOBAL_ACCENT_COLOR_NAME = AccentColor;
				CODE_SIGN_STYLE = Automatic;
				CURRENT_PROJECT_VERSION = 1;
				DEVELOPMENT_ASSET_PATHS = "\"Capstone_Project_A3/Preview Content\"";
				DEVELOPMENT_TEAM = 574AUK9VYX;
				ENABLE_PREVIEWS = YES;
				GENERATE_INFOPLIST_FILE = YES;
				INFOPLIST_KEY_UIApplicationSceneManifest_Generation = YES;
				INFOPLIST_KEY_UIApplicationSupportsIndirectInputEvents = YES;
				INFOPLIST_KEY_UILaunchScreen_Generation = YES;
				INFOPLIST_KEY_UISupportedInterfaceOrientations_iPad = "UIInterfaceOrientationPortrait UIInterfaceOrientationPortraitUpsideDown UIInterfaceOrientationLandscapeLeft UIInterfaceOrientationLandscapeRight";
				INFOPLIST_KEY_UISupportedInterfaceOrientations_iPhone = "UIInterfaceOrientationPortrait UIInterfaceOrientationLandscapeLeft UIInterfaceOrientationLandscapeRight";
				LD_RUNPATH_SEARCH_PATHS = (
					"$(inherited)",
					"@executable_path/Frameworks",
				);
				MARKETING_VERSION = 1.0;
				PRODUCT_BUNDLE_IDENTIFIER = "venkasas.sheridan.Capstone-Project-A3";
				PRODUCT_NAME = "$(TARGET_NAME)";
				SWIFT_EMIT_LOC_STRINGS = YES;
				SWIFT_VERSION = 5.0;
				TARGETED_DEVICE_FAMILY = "1,2";
			};
			name = Release;
		};
/* End XCBuildConfiguration section */

/* Begin XCConfigurationList section */
		D208A8972D0F93A500485C12 /* Build configuration list for PBXNativeTarget "ParkingSpotWidgetExtension" */ = {
			isa = XCConfigurationList;
			buildConfigurations = (
				D208A8982D0F93A500485C12 /* Debug */,
				D208A8992D0F93A500485C12 /* Release */,
			);
			defaultConfigurationIsVisible = 0;
			defaultConfigurationName = Release;
		};
		D2B57BBE2CC87BE300375FE0 /* Build configuration list for PBXProject "Capstone_Project_A3" */ = {
			isa = XCConfigurationList;
			buildConfigurations = (
				D2B57BD42CC87BE500375FE0 /* Debug */,
				D2B57BD52CC87BE500375FE0 /* Release */,
			);
			defaultConfigurationIsVisible = 0;
			defaultConfigurationName = Release;
		};
		D2B57BD62CC87BE500375FE0 /* Build configuration list for PBXNativeTarget "Capstone_Project_A3" */ = {
			isa = XCConfigurationList;
			buildConfigurations = (
				D2B57BD72CC87BE500375FE0 /* Debug */,
				D2B57BD82CC87BE500375FE0 /* Release */,
			);
			defaultConfigurationIsVisible = 0;
			defaultConfigurationName = Release;
		};
/* End XCConfigurationList section */

/* Begin XCVersionGroup section */
		D2B57BD12CC87BE500375FE0 /* Capstone_Project_A3.xcdatamodeld */ = {
			isa = XCVersionGroup;
			children = (
				D2B57BD22CC87BE500375FE0 /* Capstone_Project_A3.xcdatamodel */,
			);
			currentVersion = D2B57BD22CC87BE500375FE0 /* Capstone_Project_A3.xcdatamodel */;
			path = Capstone_Project_A3.xcdatamodeld;
			sourceTree = "<group>";
			versionGroupType = wrapper.xcdatamodel;
		};
/* End XCVersionGroup section */
	};
	rootObject = D2B57BBB2CC87BE300375FE0 /* Project object */;
}
